
Microsoft Visual Studio Solution File, Format Version 12.00
# Visual Studio Version 17
VisualStudioVersion = 17.14.36202.13 d17.14
MinimumVisualStudioVersion = 10.0.40219.1
Project("{FAE04EC0-301F-11D3-BF4B-00C04F79EFBC}") = "SignalRRepoTest", "SignalRRepoTest.csproj", "{65AFA6AF-AAD6-4C2E-A8DB-6F59401E1665}"
EndProject
Global
	GlobalSection(SolutionConfigurationPlatforms) = preSolution
		Debug|Any CPU = Debug|Any CPU
		Release|Any CPU = Release|Any CPU
	EndGlobalSection
	GlobalSection(ProjectConfigurationPlatforms) = postSolution
		{65AFA6AF-AAD6-4C2E-A8DB-6F59401E1665}.Debug|Any CPU.ActiveCfg = Debug|Any CPU
		{65AFA6AF-AAD6-4C2E-A8DB-6F59401E1665}.Debug|Any CPU.Build.0 = Debug|Any CPU
		{65AFA6AF-AAD6-4C2E-A8DB-6F59401E1665}.Release|Any CPU.ActiveCfg = Release|Any CPU
		{65AFA6AF-AAD6-4C2E-A8DB-6F59401E1665}.Release|Any CPU.Build.0 = Release|Any CPU
	EndGlobalSection
	GlobalSection(SolutionProperties) = preSolution
		HideSolutionNode = FALSE
	EndGlobalSection
	GlobalSection(ExtensibilityGlobals) = postSolution
		SolutionGuid = {BA4BB128-0650-4FAC-8E23-C07DF91E0C44}
	EndGlobalSection
EndGlobal
